<?xml version="1.0" encoding="UTF-8" standalone="yes" ?>
<CodeBlocks_project_file>
	<FileVersion major="1" minor="6" />
	<Project>
		<Option title="idear" />
		<Option pch_mode="2" />
		<Option compiler="gcc" />
		<Build>
			<Target title="Debug">
				<Option output="bin/Debug/idear" prefix_auto="1" extension_auto="1" />
				<Option object_output="obj/Debug/" />
				<Option type="1" />
				<Option compiler="gcc" />
				<Compiler>
					<Add option="-g" />
				</Compiler>
			</Target>
			<Target title="Release">
				<Option output="bin/Release/idear" prefix_auto="1" extension_auto="1" />
				<Option object_output="obj/Release/" />
				<Option type="1" />
				<Option compiler="gcc" />
				<Compiler>
					<Add option="-O2" />
				</Compiler>
				<Linker>
					<Add option="-s" />
				</Linker>
			</Target>
		</Build>
		<Compiler>
			<Add option="-Wall" />
		</Compiler>
		<Unit filename="framework/Array.h" />
		<Unit filename="framework/Function.h" />
		<Unit filename="framework/Number.h" />
		<Unit filename="framework/Object.h" />
		<Unit filename="framework/String.h" />
		<Unit filename="framework/bytecode.c">
			<Option compilerVar="CC" />
		</Unit>
		<Unit filename="framework/bytecode.h" />
		<Unit filename="framework/readFile.c">
			<Option compilerVar="CC" />
		</Unit>
		<Unit filename="framework/readFile.h" />
		<Unit filename="framework/type.h" />
		<Unit filename="simple/idear-cmd.c">
			<Option compilerVar="CC" />
		</Unit>
		<Extensions>
			<code_completion />
			<envvars />
			<debugger />
		</Extensions>
	</Project>
</CodeBlocks_project_file>
